// !$*UTF8*$!
{
	archiveVersion = 1;
	classes = {
	};
	objectVersion = 50;
	objects = {

/* Begin PBXBuildFile section */
		1948B42C9E831BE30BB2E1DB /* Pods_SalahAppTests.framework in Frameworks */ = {isa = PBXBuildFile; fileRef = 75CAA1B3C5894F3C74C2577B /* Pods_SalahAppTests.framework */; };
		4B11A1FB9AE8E0C653DCB32A /* Pods_SalahApp_SalahAppUITests.framework in Frameworks */ = {isa = PBXBuildFile; fileRef = 0C38D6EE67D75DFC7CBE7922 /* Pods_SalahApp_SalahAppUITests.framework */; };
		87D6D6BCEF353CE0CC488A4E /* Pods_SalahApp.framework in Frameworks */ = {isa = PBXBuildFile; fileRef = 35AC6F56A06C0E1D5179E0E7 /* Pods_SalahApp.framework */; };
		EB30A1D12379A29400986004 /* AppDelegate.swift in Sources */ = {isa = PBXBuildFile; fileRef = EB30A1D02379A29400986004 /* AppDelegate.swift */; };
		EB30A1D32379A29400986004 /* ContentView.swift in Sources */ = {isa = PBXBuildFile; fileRef = EB30A1D22379A29400986004 /* ContentView.swift */; };
		EB30A1D52379A29600986004 /* Assets.xcassets in Resources */ = {isa = PBXBuildFile; fileRef = EB30A1D42379A29600986004 /* Assets.xcassets */; };
		EB30A1D82379A29600986004 /* Preview Assets.xcassets in Resources */ = {isa = PBXBuildFile; fileRef = EB30A1D72379A29600986004 /* Preview Assets.xcassets */; };
		EB30A1DB2379A29600986004 /* Main.storyboard in Resources */ = {isa = PBXBuildFile; fileRef = EB30A1D92379A29600986004 /* Main.storyboard */; };
		EB30A1E72379A29600986004 /* SalahAppTests.swift in Sources */ = {isa = PBXBuildFile; fileRef = EB30A1E62379A29600986004 /* SalahAppTests.swift */; };
		EB30A1F22379A29600986004 /* SalahAppUITests.swift in Sources */ = {isa = PBXBuildFile; fileRef = EB30A1F12379A29600986004 /* SalahAppUITests.swift */; };
		EB30A200237AEF8000986004 /* SettingsView.swift in Sources */ = {isa = PBXBuildFile; fileRef = EB30A1FF237AEF8000986004 /* SettingsView.swift */; };
/* End PBXBuildFile section */

/* Begin PBXContainerItemProxy section */
		EB30A1E32379A29600986004 /* PBXContainerItemProxy */ = {
			isa = PBXContainerItemProxy;
			containerPortal = EB30A1C52379A29400986004 /* Project object */;
			proxyType = 1;
			remoteGlobalIDString = EB30A1CC2379A29400986004;
			remoteInfo = SalahApp;
		};
		EB30A1EE2379A29600986004 /* PBXContainerItemProxy */ = {
			isa = PBXContainerItemProxy;
			containerPortal = EB30A1C52379A29400986004 /* Project object */;
			proxyType = 1;
			remoteGlobalIDString = EB30A1CC2379A29400986004;
			remoteInfo = SalahApp;
		};
/* End PBXContainerItemProxy section */

/* Begin PBXFileReference section */
		0C38D6EE67D75DFC7CBE7922 /* Pods_SalahApp_SalahAppUITests.framework */ = {isa = PBXFileReference; explicitFileType = wrapper.framework; includeInIndex = 0; path = Pods_SalahApp_SalahAppUITests.framework; sourceTree = BUILT_PRODUCTS_DIR; };
		35AC6F56A06C0E1D5179E0E7 /* Pods_SalahApp.framework */ = {isa = PBXFileReference; explicitFileType = wrapper.framework; includeInIndex = 0; path = Pods_SalahApp.framework; sourceTree = BUILT_PRODUCTS_DIR; };
		48CF58F97DAF7BF7D1C6556B /* Pods-SalahApp.release.xcconfig */ = {isa = PBXFileReference; includeInIndex = 1; lastKnownFileType = text.xcconfig; name = "Pods-SalahApp.release.xcconfig"; path = "Target Support Files/Pods-SalahApp/Pods-SalahApp.release.xcconfig"; sourceTree = "<group>"; };
		6B905191D9471CDC774F2E87 /* Pods-SalahApp-SalahAppUITests.debug.xcconfig */ = {isa = PBXFileReference; includeInIndex = 1; lastKnownFileType = text.xcconfig; name = "Pods-SalahApp-SalahAppUITests.debug.xcconfig"; path = "Target Support Files/Pods-SalahApp-SalahAppUITests/Pods-SalahApp-SalahAppUITests.debug.xcconfig"; sourceTree = "<group>"; };
		75CAA1B3C5894F3C74C2577B /* Pods_SalahAppTests.framework */ = {isa = PBXFileReference; explicitFileType = wrapper.framework; includeInIndex = 0; path = Pods_SalahAppTests.framework; sourceTree = BUILT_PRODUCTS_DIR; };
		914140A005BE22747756553C /* Pods-SalahApp-SalahAppUITests.release.xcconfig */ = {isa = PBXFileReference; includeInIndex = 1; lastKnownFileType = text.xcconfig; name = "Pods-SalahApp-SalahAppUITests.release.xcconfig"; path = "Target Support Files/Pods-SalahApp-SalahAppUITests/Pods-SalahApp-SalahAppUITests.release.xcconfig"; sourceTree = "<group>"; };
		A7673520566E93744218C45D /* Pods-SalahAppTests.release.xcconfig */ = {isa = PBXFileReference; includeInIndex = 1; lastKnownFileType = text.xcconfig; name = "Pods-SalahAppTests.release.xcconfig"; path = "Target Support Files/Pods-SalahAppTests/Pods-SalahAppTests.release.xcconfig"; sourceTree = "<group>"; };
		C584C0511969879952DA6CD4 /* Pods-SalahAppTests.debug.xcconfig */ = {isa = PBXFileReference; includeInIndex = 1; lastKnownFileType = text.xcconfig; name = "Pods-SalahAppTests.debug.xcconfig"; path = "Target Support Files/Pods-SalahAppTests/Pods-SalahAppTests.debug.xcconfig"; sourceTree = "<group>"; };
		D36F05E9F64A6EC66E1DA6DA /* Pods-SalahApp.debug.xcconfig */ = {isa = PBXFileReference; includeInIndex = 1; lastKnownFileType = text.xcconfig; name = "Pods-SalahApp.debug.xcconfig"; path = "Target Support Files/Pods-SalahApp/Pods-SalahApp.debug.xcconfig"; sourceTree = "<group>"; };
		EB30A1CD2379A29400986004 /* SalahApp.app */ = {isa = PBXFileReference; explicitFileType = wrapper.application; includeInIndex = 0; path = SalahApp.app; sourceTree = BUILT_PRODUCTS_DIR; };
		EB30A1D02379A29400986004 /* AppDelegate.swift */ = {isa = PBXFileReference; lastKnownFileType = sourcecode.swift; path = AppDelegate.swift; sourceTree = "<group>"; };
		EB30A1D22379A29400986004 /* ContentView.swift */ = {isa = PBXFileReference; lastKnownFileType = sourcecode.swift; path = ContentView.swift; sourceTree = "<group>"; };
		EB30A1D42379A29600986004 /* Assets.xcassets */ = {isa = PBXFileReference; lastKnownFileType = folder.assetcatalog; path = Assets.xcassets; sourceTree = "<group>"; };
		EB30A1D72379A29600986004 /* Preview Assets.xcassets */ = {isa = PBXFileReference; lastKnownFileType = folder.assetcatalog; path = "Preview Assets.xcassets"; sourceTree = "<group>"; };
		EB30A1DA2379A29600986004 /* Base */ = {isa = PBXFileReference; lastKnownFileType = file.storyboard; name = Base; path = Base.lproj/Main.storyboard; sourceTree = "<group>"; };
		EB30A1DC2379A29600986004 /* Info.plist */ = {isa = PBXFileReference; lastKnownFileType = text.plist.xml; path = Info.plist; sourceTree = "<group>"; };
		EB30A1DD2379A29600986004 /* SalahApp.entitlements */ = {isa = PBXFileReference; lastKnownFileType = text.plist.entitlements; path = SalahApp.entitlements; sourceTree = "<group>"; };
		EB30A1E22379A29600986004 /* SalahAppTests.xctest */ = {isa = PBXFileReference; explicitFileType = wrapper.cfbundle; includeInIndex = 0; path = SalahAppTests.xctest; sourceTree = BUILT_PRODUCTS_DIR; };
		EB30A1E62379A29600986004 /* SalahAppTests.swift */ = {isa = PBXFileReference; lastKnownFileType = sourcecode.swift; path = SalahAppTests.swift; sourceTree = "<group>"; };
		EB30A1E82379A29600986004 /* Info.plist */ = {isa = PBXFileReference; lastKnownFileType = text.plist.xml; path = Info.plist; sourceTree = "<group>"; };
		EB30A1ED2379A29600986004 /* SalahAppUITests.xctest */ = {isa = PBXFileReference; explicitFileType = wrapper.cfbundle; includeInIndex = 0; path = SalahAppUITests.xctest; sourceTree = BUILT_PRODUCTS_DIR; };
		EB30A1F12379A29600986004 /* SalahAppUITests.swift */ = {isa = PBXFileReference; lastKnownFileType = sourcecode.swift; path = SalahAppUITests.swift; sourceTree = "<group>"; };
		EB30A1F32379A29600986004 /* Info.plist */ = {isa = PBXFileReference; lastKnownFileType = text.plist.xml; path = Info.plist; sourceTree = "<group>"; };
		EB30A1FF237AEF8000986004 /* SettingsView.swift */ = {isa = PBXFileReference; lastKnownFileType = sourcecode.swift; path = SettingsView.swift; sourceTree = "<group>"; };
/* End PBXFileReference section */

/* Begin PBXFrameworksBuildPhase section */
		EB30A1CA2379A29400986004 /* Frameworks */ = {
			isa = PBXFrameworksBuildPhase;
			buildActionMask = 2147483647;
			files = (
				87D6D6BCEF353CE0CC488A4E /* Pods_SalahApp.framework in Frameworks */,
			);
			runOnlyForDeploymentPostprocessing = 0;
		};
		EB30A1DF2379A29600986004 /* Frameworks */ = {
			isa = PBXFrameworksBuildPhase;
			buildActionMask = 2147483647;
			files = (
				1948B42C9E831BE30BB2E1DB /* Pods_SalahAppTests.framework in Frameworks */,
			);
			runOnlyForDeploymentPostprocessing = 0;
		};
		EB30A1EA2379A29600986004 /* Frameworks */ = {
			isa = PBXFrameworksBuildPhase;
			buildActionMask = 2147483647;
			files = (
				4B11A1FB9AE8E0C653DCB32A /* Pods_SalahApp_SalahAppUITests.framework in Frameworks */,
			);
			runOnlyForDeploymentPostprocessing = 0;
		};
/* End PBXFrameworksBuildPhase section */

/* Begin PBXGroup section */
		C9AA6EA33E51D912D7D79F46 /* Frameworks */ = {
			isa = PBXGroup;
			children = (
				35AC6F56A06C0E1D5179E0E7 /* Pods_SalahApp.framework */,
				0C38D6EE67D75DFC7CBE7922 /* Pods_SalahApp_SalahAppUITests.framework */,
				75CAA1B3C5894F3C74C2577B /* Pods_SalahAppTests.framework */,
			);
			name = Frameworks;
			sourceTree = "<group>";
		};
		E5C3A4523C63337D053D094A /* Pods */ = {
			isa = PBXGroup;
			children = (
				D36F05E9F64A6EC66E1DA6DA /* Pods-SalahApp.debug.xcconfig */,
				48CF58F97DAF7BF7D1C6556B /* Pods-SalahApp.release.xcconfig */,
				6B905191D9471CDC774F2E87 /* Pods-SalahApp-SalahAppUITests.debug.xcconfig */,
				914140A005BE22747756553C /* Pods-SalahApp-SalahAppUITests.release.xcconfig */,
				C584C0511969879952DA6CD4 /* Pods-SalahAppTests.debug.xcconfig */,
				A7673520566E93744218C45D /* Pods-SalahAppTests.release.xcconfig */,
			);
			name = Pods;
			path = Pods;
			sourceTree = "<group>";
		};
		EB30A1C42379A29400986004 = {
			isa = PBXGroup;
			children = (
				EB30A1CF2379A29400986004 /* SalahApp */,
				EB30A1E52379A29600986004 /* SalahAppTests */,
				EB30A1F02379A29600986004 /* SalahAppUITests */,
				EB30A1CE2379A29400986004 /* Products */,
				E5C3A4523C63337D053D094A /* Pods */,
				C9AA6EA33E51D912D7D79F46 /* Frameworks */,
			);
			sourceTree = "<group>";
		};
		EB30A1CE2379A29400986004 /* Products */ = {
			isa = PBXGroup;
			children = (
				EB30A1CD2379A29400986004 /* SalahApp.app */,
				EB30A1E22379A29600986004 /* SalahAppTests.xctest */,
				EB30A1ED2379A29600986004 /* SalahAppUITests.xctest */,
			);
			name = Products;
			sourceTree = "<group>";
		};
		EB30A1CF2379A29400986004 /* SalahApp */ = {
			isa = PBXGroup;
			children = (
				EB30A1D02379A29400986004 /* AppDelegate.swift */,
				EB30A1D22379A29400986004 /* ContentView.swift */,
				EB30A1FF237AEF8000986004 /* SettingsView.swift */,
				EB30A1D42379A29600986004 /* Assets.xcassets */,
				EB30A1D92379A29600986004 /* Main.storyboard */,
				EB30A1DC2379A29600986004 /* Info.plist */,
				EB30A1DD2379A29600986004 /* SalahApp.entitlements */,
				EB30A1D62379A29600986004 /* Preview Content */,
			);
			path = SalahApp;
			sourceTree = "<group>";
		};
		EB30A1D62379A29600986004 /* Preview Content */ = {
			isa = PBXGroup;
			children = (
				EB30A1D72379A29600986004 /* Preview Assets.xcassets */,
			);
			path = "Preview Content";
			sourceTree = "<group>";
		};
		EB30A1E52379A29600986004 /* SalahAppTests */ = {
			isa = PBXGroup;
			children = (
				EB30A1E62379A29600986004 /* SalahAppTests.swift */,
				EB30A1E82379A29600986004 /* Info.plist */,
			);
			path = SalahAppTests;
			sourceTree = "<group>";
		};
		EB30A1F02379A29600986004 /* SalahAppUITests */ = {
			isa = PBXGroup;
			children = (
				EB30A1F12379A29600986004 /* SalahAppUITests.swift */,
				EB30A1F32379A29600986004 /* Info.plist */,
			);
			path = SalahAppUITests;
			sourceTree = "<group>";
		};
/* End PBXGroup section */

/* Begin PBXNativeTarget section */
		EB30A1CC2379A29400986004 /* SalahApp */ = {
			isa = PBXNativeTarget;
			buildConfigurationList = EB30A1F62379A29600986004 /* Build configuration list for PBXNativeTarget "SalahApp" */;
			buildPhases = (
				0E193FFEDDC676AA7EE398FC /* [CP] Check Pods Manifest.lock */,
				EB30A1C92379A29400986004 /* Sources */,
				EB30A1CA2379A29400986004 /* Frameworks */,
				EB30A1CB2379A29400986004 /* Resources */,
				DF8DA2DDEAE544A88F8AB140 /* [CP] Embed Pods Frameworks */,
			);
			buildRules = (
			);
			dependencies = (
			);
			name = SalahApp;
			productName = SalahApp;
			productReference = EB30A1CD2379A29400986004 /* SalahApp.app */;
			productType = "com.apple.product-type.application";
		};
		EB30A1E12379A29600986004 /* SalahAppTests */ = {
			isa = PBXNativeTarget;
			buildConfigurationList = EB30A1F92379A29600986004 /* Build configuration list for PBXNativeTarget "SalahAppTests" */;
			buildPhases = (
				6E2097631D61ECF2DF77B648 /* [CP] Check Pods Manifest.lock */,
				EB30A1DE2379A29600986004 /* Sources */,
				EB30A1DF2379A29600986004 /* Frameworks */,
				EB30A1E02379A29600986004 /* Resources */,
			);
			buildRules = (
			);
			dependencies = (
				EB30A1E42379A29600986004 /* PBXTargetDependency */,
			);
			name = SalahAppTests;
			productName = SalahAppTests;
			productReference = EB30A1E22379A29600986004 /* SalahAppTests.xctest */;
			productType = "com.apple.product-type.bundle.unit-test";
		};
		EB30A1EC2379A29600986004 /* SalahAppUITests */ = {
			isa = PBXNativeTarget;
			buildConfigurationList = EB30A1FC2379A29600986004 /* Build configuration list for PBXNativeTarget "SalahAppUITests" */;
			buildPhases = (
				261C8ED8E4CE4576A38873A4 /* [CP] Check Pods Manifest.lock */,
				EB30A1E92379A29600986004 /* Sources */,
				EB30A1EA2379A29600986004 /* Frameworks */,
				EB30A1EB2379A29600986004 /* Resources */,
				5C33E4B812444D0F4A42A4C4 /* [CP] Embed Pods Frameworks */,
			);
			buildRules = (
			);
			dependencies = (
				EB30A1EF2379A29600986004 /* PBXTargetDependency */,
			);
			name = SalahAppUITests;
			productName = SalahAppUITests;
			productReference = EB30A1ED2379A29600986004 /* SalahAppUITests.xctest */;
			productType = "com.apple.product-type.bundle.ui-testing";
		};
/* End PBXNativeTarget section */

/* Begin PBXProject section */
		EB30A1C52379A29400986004 /* Project object */ = {
			isa = PBXProject;
			attributes = {
				LastSwiftUpdateCheck = 1110;
				LastUpgradeCheck = 1110;
				ORGANIZATIONNAME = "Faruk Turgut";
				TargetAttributes = {
					EB30A1CC2379A29400986004 = {
						CreatedOnToolsVersion = 11.1;
					};
					EB30A1E12379A29600986004 = {
						CreatedOnToolsVersion = 11.1;
						TestTargetID = EB30A1CC2379A29400986004;
					};
					EB30A1EC2379A29600986004 = {
						CreatedOnToolsVersion = 11.1;
						TestTargetID = EB30A1CC2379A29400986004;
					};
				};
			};
			buildConfigurationList = EB30A1C82379A29400986004 /* Build configuration list for PBXProject "SalahApp" */;
			compatibilityVersion = "Xcode 9.3";
			developmentRegion = en;
			hasScannedForEncodings = 0;
			knownRegions = (
				en,
				Base,
			);
			mainGroup = EB30A1C42379A29400986004;
			productRefGroup = EB30A1CE2379A29400986004 /* Products */;
			projectDirPath = "";
			projectRoot = "";
			targets = (
				EB30A1CC2379A29400986004 /* SalahApp */,
				EB30A1E12379A29600986004 /* SalahAppTests */,
				EB30A1EC2379A29600986004 /* SalahAppUITests */,
			);
		};
/* End PBXProject section */

/* Begin PBXResourcesBuildPhase section */
		EB30A1CB2379A29400986004 /* Resources */ = {
			isa = PBXResourcesBuildPhase;
			buildActionMask = 2147483647;
			files = (
				EB30A1DB2379A29600986004 /* Main.storyboard in Resources */,
				EB30A1D82379A29600986004 /* Preview Assets.xcassets in Resources */,
				EB30A1D52379A29600986004 /* Assets.xcassets in Resources */,
			);
			runOnlyForDeploymentPostprocessing = 0;
		};
		EB30A1E02379A29600986004 /* Resources */ = {
			isa = PBXResourcesBuildPhase;
			buildActionMask = 2147483647;
			files = (
			);
			runOnlyForDeploymentPostprocessing = 0;
		};
		EB30A1EB2379A29600986004 /* Resources */ = {
			isa = PBXResourcesBuildPhase;
			buildActionMask = 2147483647;
			files = (
			);
			runOnlyForDeploymentPostprocessing = 0;
		};
/* End PBXResourcesBuildPhase section */

/* Begin PBXShellScriptBuildPhase section */
		0E193FFEDDC676AA7EE398FC /* [CP] Check Pods Manifest.lock */ = {
			isa = PBXShellScriptBuildPhase;
			buildActionMask = 2147483647;
			files = (
			);
			inputFileListPaths = (
			);
			inputPaths = (
				"${PODS_PODFILE_DIR_PATH}/Podfile.lock",
				"${PODS_ROOT}/Manifest.lock",
			);
			name = "[CP] Check Pods Manifest.lock";
			outputFileListPaths = (
			);
			outputPaths = (
				"$(DERIVED_FILE_DIR)/Pods-SalahApp-checkManifestLockResult.txt",
			);
			runOnlyForDeploymentPostprocessing = 0;
			shellPath = /bin/sh;
			shellScript = "diff \"${PODS_PODFILE_DIR_PATH}/Podfile.lock\" \"${PODS_ROOT}/Manifest.lock\" > /dev/null\nif [ $? != 0 ] ; then\n    # print error to STDERR\n    echo \"error: The sandbox is not in sync with the Podfile.lock. Run 'pod install' or update your CocoaPods installation.\" >&2\n    exit 1\nfi\n# This output is used by Xcode 'outputs' to avoid re-running this script phase.\necho \"SUCCESS\" > \"${SCRIPT_OUTPUT_FILE_0}\"\n";
			showEnvVarsInLog = 0;
		};
		261C8ED8E4CE4576A38873A4 /* [CP] Check Pods Manifest.lock */ = {
			isa = PBXShellScriptBuildPhase;
			buildActionMask = 2147483647;
			files = (
			);
			inputFileListPaths = (
			);
			inputPaths = (
				"${PODS_PODFILE_DIR_PATH}/Podfile.lock",
				"${PODS_ROOT}/Manifest.lock",
			);
			name = "[CP] Check Pods Manifest.lock";
			outputFileListPaths = (
			);
			outputPaths = (
				"$(DERIVED_FILE_DIR)/Pods-SalahApp-SalahAppUITests-checkManifestLockResult.txt",
			);
			runOnlyForDeploymentPostprocessing = 0;
			shellPath = /bin/sh;
			shellScript = "diff \"${PODS_PODFILE_DIR_PATH}/Podfile.lock\" \"${PODS_ROOT}/Manifest.lock\" > /dev/null\nif [ $? != 0 ] ; then\n    # print error to STDERR\n    echo \"error: The sandbox is not in sync with the Podfile.lock. Run 'pod install' or update your CocoaPods installation.\" >&2\n    exit 1\nfi\n# This output is used by Xcode 'outputs' to avoid re-running this script phase.\necho \"SUCCESS\" > \"${SCRIPT_OUTPUT_FILE_0}\"\n";
			showEnvVarsInLog = 0;
		};
		5C33E4B812444D0F4A42A4C4 /* [CP] Embed Pods Frameworks */ = {
			isa = PBXShellScriptBuildPhase;
			buildActionMask = 2147483647;
			files = (
			);
			inputFileListPaths = (
				"${PODS_ROOT}/Target Support Files/Pods-SalahApp-SalahAppUITests/Pods-SalahApp-SalahAppUITests-frameworks-${CONFIGURATION}-input-files.xcfilelist",
			);
			name = "[CP] Embed Pods Frameworks";
			outputFileListPaths = (
				"${PODS_ROOT}/Target Support Files/Pods-SalahApp-SalahAppUITests/Pods-SalahApp-SalahAppUITests-frameworks-${CONFIGURATION}-output-files.xcfilelist",
			);
			runOnlyForDeploymentPostprocessing = 0;
			shellPath = /bin/sh;
			shellScript = "\"${PODS_ROOT}/Target Support Files/Pods-SalahApp-SalahAppUITests/Pods-SalahApp-SalahAppUITests-frameworks.sh\"\n";
			showEnvVarsInLog = 0;
		};
		6E2097631D61ECF2DF77B648 /* [CP] Check Pods Manifest.lock */ = {
			isa = PBXShellScriptBuildPhase;
			buildActionMask = 2147483647;
			files = (
			);
			inputFileListPaths = (
			);
			inputPaths = (
				"${PODS_PODFILE_DIR_PATH}/Podfile.lock",
				"${PODS_ROOT}/Manifest.lock",
			);
			name = "[CP] Check Pods Manifest.lock";
			outputFileListPaths = (
			);
			outputPaths = (
				"$(DERIVED_FILE_DIR)/Pods-SalahAppTests-checkManifestLockResult.txt",
			);
			runOnlyForDeploymentPostprocessing = 0;
			shellPath = /bin/sh;
			shellScript = "diff \"${PODS_PODFILE_DIR_PATH}/Podfile.lock\" \"${PODS_ROOT}/Manifest.lock\" > /dev/null\nif [ $? != 0 ] ; then\n    # print error to STDERR\n    echo \"error: The sandbox is not in sync with the Podfile.lock. Run 'pod install' or update your CocoaPods installation.\" >&2\n    exit 1\nfi\n# This output is used by Xcode 'outputs' to avoid re-running this script phase.\necho \"SUCCESS\" > \"${SCRIPT_OUTPUT_FILE_0}\"\n";
			showEnvVarsInLog = 0;
		};
		DF8DA2DDEAE544A88F8AB140 /* [CP] Embed Pods Frameworks */ = {
			isa = PBXShellScriptBuildPhase;
			buildActionMask = 2147483647;
			files = (
			);
			inputFileListPaths = (
				"${PODS_ROOT}/Target Support Files/Pods-SalahApp/Pods-SalahApp-frameworks-${CONFIGURATION}-input-files.xcfilelist",
			);
			name = "[CP] Embed Pods Frameworks";
			outputFileListPaths = (
				"${PODS_ROOT}/Target Support Files/Pods-SalahApp/Pods-SalahApp-frameworks-${CONFIGURATION}-output-files.xcfilelist",
			);
			runOnlyForDeploymentPostprocessing = 0;
			shellPath = /bin/sh;
			shellScript = "\"${PODS_ROOT}/Target Support Files/Pods-SalahApp/Pods-SalahApp-frameworks.sh\"\n";
			showEnvVarsInLog = 0;
		};
/* End PBXShellScriptBuildPhase section */

/* Begin PBXSourcesBuildPhase section */
		EB30A1C92379A29400986004 /* Sources */ = {
			isa = PBXSourcesBuildPhase;
			buildActionMask = 2147483647;
			files = (
				EB30A200237AEF8000986004 /* SettingsView.swift in Sources */,
				EB30A1D32379A29400986004 /* ContentView.swift in Sources */,
				EB30A1D12379A29400986004 /* AppDelegate.swift in Sources */,
			);
			runOnlyForDeploymentPostprocessing = 0;
		};
		EB30A1DE2379A29600986004 /* Sources */ = {
			isa = PBXSourcesBuildPhase;
			buildActionMask = 2147483647;
			files = (
				EB30A1E72379A29600986004 /* SalahAppTests.swift in Sources */,
			);
			runOnlyForDeploymentPostprocessing = 0;
		};
		EB30A1E92379A29600986004 /* Sources */ = {
			isa = PBXSourcesBuildPhase;
			buildActionMask = 2147483647;
			files = (
				EB30A1F22379A29600986004 /* SalahAppUITests.swift in Sources */,
			);
			runOnlyForDeploymentPostprocessing = 0;
		};
/* End PBXSourcesBuildPhase section */

/* Begin PBXTargetDependency section */
		EB30A1E42379A29600986004 /* PBXTargetDependency */ = {
			isa = PBXTargetDependency;
			target = EB30A1CC2379A29400986004 /* SalahApp */;
			targetProxy = EB30A1E32379A29600986004 /* PBXContainerItemProxy */;
		};
		EB30A1EF2379A29600986004 /* PBXTargetDependency */ = {
			isa = PBXTargetDependency;
			target = EB30A1CC2379A29400986004 /* SalahApp */;
			targetProxy = EB30A1EE2379A29600986004 /* PBXContainerItemProxy */;
		};
/* End PBXTargetDependency section */

/* Begin PBXVariantGroup section */
		EB30A1D92379A29600986004 /* Main.storyboard */ = {
			isa = PBXVariantGroup;
			children = (
				EB30A1DA2379A29600986004 /* Base */,
			);
			name = Main.storyboard;
			sourceTree = "<group>";
		};
/* End PBXVariantGroup section */

/* Begin XCBuildConfiguration section */
		EB30A1F42379A29600986004 /* Debug */ = {
			isa = XCBuildConfiguration;
			buildSettings = {
				ALWAYS_SEARCH_USER_PATHS = NO;
				CLANG_ANALYZER_NONNULL = YES;
				CLANG_ANALYZER_NUMBER_OBJECT_CONVERSION = YES_AGGRESSIVE;
				CLANG_CXX_LANGUAGE_STANDARD = "gnu++14";
				CLANG_CXX_LIBRARY = "libc++";
				CLANG_ENABLE_MODULES = YES;
				CLANG_ENABLE_OBJC_ARC = YES;
				CLANG_ENABLE_OBJC_WEAK = YES;
				CLANG_WARN_BLOCK_CAPTURE_AUTORELEASING = YES;
				CLANG_WARN_BOOL_CONVERSION = YES;
				CLANG_WARN_COMMA = YES;
				CLANG_WARN_CONSTANT_CONVERSION = YES;
				CLANG_WARN_DEPRECATED_OBJC_IMPLEMENTATIONS = YES;
				CLANG_WARN_DIRECT_OBJC_ISA_USAGE = YES_ERROR;
				CLANG_WARN_DOCUMENTATION_COMMENTS = YES;
				CLANG_WARN_EMPTY_BODY = YES;
				CLANG_WARN_ENUM_CONVERSION = YES;
				CLANG_WARN_INFINITE_RECURSION = YES;
				CLANG_WARN_INT_CONVERSION = YES;
				CLANG_WARN_NON_LITERAL_NULL_CONVERSION = YES;
				CLANG_WARN_OBJC_IMPLICIT_RETAIN_SELF = YES;
				CLANG_WARN_OBJC_LITERAL_CONVERSION = YES;
				CLANG_WARN_OBJC_ROOT_CLASS = YES_ERROR;
				CLANG_WARN_RANGE_LOOP_ANALYSIS = YES;
				CLANG_WARN_STRICT_PROTOTYPES = YES;
				CLANG_WARN_SUSPICIOUS_MOVE = YES;
				CLANG_WARN_UNGUARDED_AVAILABILITY = YES_AGGRESSIVE;
				CLANG_WARN_UNREACHABLE_CODE = YES;
				CLANG_WARN__DUPLICATE_METHOD_MATCH = YES;
				COPY_PHASE_STRIP = NO;
				DEBUG_INFORMATION_FORMAT = dwarf;
				ENABLE_STRICT_OBJC_MSGSEND = YES;
				ENABLE_TESTABILITY = YES;
				GCC_C_LANGUAGE_STANDARD = gnu11;
				GCC_DYNAMIC_NO_PIC = NO;
				GCC_NO_COMMON_BLOCKS = YES;
				GCC_OPTIMIZATION_LEVEL = 0;
				GCC_PREPROCESSOR_DEFINITIONS = (
					"DEBUG=1",
					"$(inherited)",
				);
				GCC_WARN_64_TO_32_BIT_CONVERSION = YES;
				GCC_WARN_ABOUT_RETURN_TYPE = YES_ERROR;
				GCC_WARN_UNDECLARED_SELECTOR = YES;
				GCC_WARN_UNINITIALIZED_AUTOS = YES_AGGRESSIVE;
				GCC_WARN_UNUSED_FUNCTION = YES;
				GCC_WARN_UNUSED_VARIABLE = YES;
				MACOSX_DEPLOYMENT_TARGET = 10.15;
				MTL_ENABLE_DEBUG_INFO = INCLUDE_SOURCE;
				MTL_FAST_MATH = YES;
				ONLY_ACTIVE_ARCH = YES;
				SDKROOT = macosx;
				SWIFT_ACTIVE_COMPILATION_CONDITIONS = DEBUG;
				SWIFT_OPTIMIZATION_LEVEL = "-Onone";
			};
			name = Debug;
		};
		EB30A1F52379A29600986004 /* Release */ = {
			isa = XCBuildConfiguration;
			buildSettings = {
				ALWAYS_SEARCH_USER_PATHS = NO;
				CLANG_ANALYZER_NONNULL = YES;
				CLANG_ANALYZER_NUMBER_OBJECT_CONVERSION = YES_AGGRESSIVE;
				CLANG_CXX_LANGUAGE_STANDARD = "gnu++14";
				CLANG_CXX_LIBRARY = "libc++";
				CLANG_ENABLE_MODULES = YES;
				CLANG_ENABLE_OBJC_ARC = YES;
				CLANG_ENABLE_OBJC_WEAK = YES;
				CLANG_WARN_BLOCK_CAPTURE_AUTORELEASING = YES;
				CLANG_WARN_BOOL_CONVERSION = YES;
				CLANG_WARN_COMMA = YES;
				CLANG_WARN_CONSTANT_CONVERSION = YES;
				CLANG_WARN_DEPRECATED_OBJC_IMPLEMENTATIONS = YES;
				CLANG_WARN_DIRECT_OBJC_ISA_USAGE = YES_ERROR;
				CLANG_WARN_DOCUMENTATION_COMMENTS = YES;
				CLANG_WARN_EMPTY_BODY = YES;
				CLANG_WARN_ENUM_CONVERSION = YES;
				CLANG_WARN_INFINITE_RECURSION = YES;
				CLANG_WARN_INT_CONVERSION = YES;
				CLANG_WARN_NON_LITERAL_NULL_CONVERSION = YES;
				CLANG_WARN_OBJC_IMPLICIT_RETAIN_SELF = YES;
				CLANG_WARN_OBJC_LITERAL_CONVERSION = YES;
				CLANG_WARN_OBJC_ROOT_CLASS = YES_ERROR;
				CLANG_WARN_RANGE_LOOP_ANALYSIS = YES;
				CLANG_WARN_STRICT_PROTOTYPES = YES;
				CLANG_WARN_SUSPICIOUS_MOVE = YES;
				CLANG_WARN_UNGUARDED_AVAILABILITY = YES_AGGRESSIVE;
				CLANG_WARN_UNREACHABLE_CODE = YES;
				CLANG_WARN__DUPLICATE_METHOD_MATCH = YES;
				COPY_PHASE_STRIP = NO;
				DEBUG_INFORMATION_FORMAT = "dwarf-with-dsym";
				ENABLE_NS_ASSERTIONS = NO;
				ENABLE_STRICT_OBJC_MSGSEND = YES;
				GCC_C_LANGUAGE_STANDARD = gnu11;
				GCC_NO_COMMON_BLOCKS = YES;
				GCC_WARN_64_TO_32_BIT_CONVERSION = YES;
				GCC_WARN_ABOUT_RETURN_TYPE = YES_ERROR;
				GCC_WARN_UNDECLARED_SELECTOR = YES;
				GCC_WARN_UNINITIALIZED_AUTOS = YES_AGGRESSIVE;
				GCC_WARN_UNUSED_FUNCTION = YES;
				GCC_WARN_UNUSED_VARIABLE = YES;
				MACOSX_DEPLOYMENT_TARGET = 10.15;
				MTL_ENABLE_DEBUG_INFO = NO;
				MTL_FAST_MATH = YES;
				SDKROOT = macosx;
				SWIFT_COMPILATION_MODE = wholemodule;
				SWIFT_OPTIMIZATION_LEVEL = "-O";
			};
			name = Release;
		};
		EB30A1F72379A29600986004 /* Debug */ = {
			isa = XCBuildConfiguration;
			baseConfigurationReference = D36F05E9F64A6EC66E1DA6DA /* Pods-SalahApp.debug.xcconfig */;
			buildSettings = {
				ASSETCATALOG_COMPILER_APPICON_NAME = AppIcon;
				CODE_SIGN_ENTITLEMENTS = SalahApp/SalahApp.entitlements;
				CODE_SIGN_STYLE = Automatic;
				COMBINE_HIDPI_IMAGES = YES;
				DEVELOPMENT_ASSET_PATHS = "\"SalahApp/Preview Content\"";
				ENABLE_PREVIEWS = YES;
				INFOPLIST_FILE = SalahApp/Info.plist;
				LD_RUNPATH_SEARCH_PATHS = (
					"$(inherited)",
					"@executable_path/../Frameworks",
				);
				MACOSX_DEPLOYMENT_TARGET = 10.15;
				PRODUCT_BUNDLE_IDENTIFIER = com.faruk.SalahApp;
				PRODUCT_NAME = "$(TARGET_NAME)";
				SWIFT_VERSION = 5.0;
			};
			name = Debug;
		};
		EB30A1F82379A29600986004 /* Release */ = {
			isa = XCBuildConfiguration;
			baseConfigurationReference = 48CF58F97DAF7BF7D1C6556B /* Pods-SalahApp.release.xcconfig */;
			buildSettings = {
				ASSETCATALOG_COMPILER_APPICON_NAME = AppIcon;
				CODE_SIGN_ENTITLEMENTS = SalahApp/SalahApp.entitlements;
				CODE_SIGN_STYLE = Automatic;
				COMBINE_HIDPI_IMAGES = YES;
				DEVELOPMENT_ASSET_PATHS = "\"SalahApp/Preview Content\"";
				ENABLE_PREVIEWS = YES;
				INFOPLIST_FILE = SalahApp/Info.plist;
				LD_RUNPATH_SEARCH_PATHS = (
					"$(inherited)",
					"@executable_path/../Frameworks",
				);
				MACOSX_DEPLOYMENT_TARGET = 10.15;
				PRODUCT_BUNDLE_IDENTIFIER = com.faruk.SalahApp;
				PRODUCT_NAME = "$(TARGET_NAME)";
				SWIFT_VERSION = 5.0;
			};
			name = Release;
		};
		EB30A1FA2379A29600986004 /* Debug */ = {
			isa = XCBuildConfiguration;
			baseConfigurationReference = C584C0511969879952DA6CD4 /* Pods-SalahAppTests.debug.xcconfig */;
			buildSettings = {
				ALWAYS_EMBED_SWIFT_STANDARD_LIBRARIES = YES;
				BUNDLE_LOADER = "$(TEST_HOST)";
				CODE_SIGN_STYLE = Automatic;
				COMBINE_HIDPI_IMAGES = YES;
				INFOPLIST_FILE = SalahAppTests/Info.plist;
				LD_RUNPATH_SEARCH_PATHS = (
					"$(inherited)",
					"@executable_path/../Frameworks",
					"@loader_path/../Frameworks",
				);
				MACOSX_DEPLOYMENT_TARGET = 10.15;
				PRODUCT_BUNDLE_IDENTIFIER = com.faruk.SalahAppTests;
				PRODUCT_NAME = "$(TARGET_NAME)";
				SWIFT_VERSION = 5.0;
				TEST_HOST = "$(BUILT_PRODUCTS_DIR)/SalahApp.app/Contents/MacOS/SalahApp";
			};
			name = Debug;
		};
		EB30A1FB2379A29600986004 /* Release */ = {
			isa = XCBuildConfiguration;
			baseConfigurationReference = A7673520566E93744218C45D /* Pods-SalahAppTests.release.xcconfig */;
			buildSettings = {
				ALWAYS_EMBED_SWIFT_STANDARD_LIBRARIES = YES;
				BUNDLE_LOADER = "$(TEST_HOST)";
				CODE_SIGN_STYLE = Automatic;
				COMBINE_HIDPI_IMAGES = YES;
				INFOPLIST_FILE = SalahAppTests/Info.plist;
				LD_RUNPATH_SEARCH_PATHS = (
					"$(inherited)",
					"@executable_path/../Frameworks",
					"@loader_path/../Frameworks",
				);
				MACOSX_DEPLOYMENT_TARGET = 10.15;
				PRODUCT_BUNDLE_IDENTIFIER = com.faruk.SalahAppTests;
				PRODUCT_NAME = "$(TARGET_NAME)";
				SWIFT_VERSION = 5.0;
				TEST_HOST = "$(BUILT_PRODUCTS_DIR)/SalahApp.app/Contents/MacOS/SalahApp";
			};
			name = Release;
		};
		EB30A1FD2379A29600986004 /* Debug */ = {
			isa = XCBuildConfiguration;
			baseConfigurationReference = 6B905191D9471CDC774F2E87 /* Pods-SalahApp-SalahAppUITests.debug.xcconfig */;
			buildSettings = {
				ALWAYS_EMBED_SWIFT_STANDARD_LIBRARIES = YES;
				CODE_SIGN_STYLE = Automatic;
				COMBINE_HIDPI_IMAGES = YES;
				INFOPLIST_FILE = SalahAppUITests/Info.plist;
				LD_RUNPATH_SEARCH_PATHS = (
					"$(inherited)",
					"@executable_path/../Frameworks",
					"@loader_path/../Frameworks",
				);
				PRODUCT_BUNDLE_IDENTIFIER = com.faruk.SalahAppUITests;
				PRODUCT_NAME = "$(TARGET_NAME)";
				SWIFT_VERSION = 5.0;
				TEST_TARGET_NAME = SalahApp;
			};
			name = Debug;
		};
		EB30A1FE2379A29600986004 /* Release */ = {
			isa = XCBuildConfiguration;
			baseConfigurationReference = 914140A005BE22747756553C /* Pods-SalahApp-SalahAppUITests.release.xcconfig */;
			buildSettings = {
				ALWAYS_EMBED_SWIFT_STANDARD_LIBRARIES = YES;
				CODE_SIGN_STYLE = Automatic;
				COMBINE_HIDPI_IMAGES = YES;
				INFOPLIST_FILE = SalahAppUITests/Info.plist;
				LD_RUNPATH_SEARCH_PATHS = (
					"$(inherited)",
					"@executable_path/../Frameworks",
					"@loader_path/../Frameworks",
				);
				PRODUCT_BUNDLE_IDENTIFIER = com.faruk.SalahAppUITests;
				PRODUCT_NAME = "$(TARGET_NAME)";
				SWIFT_VERSION = 5.0;
				TEST_TARGET_NAME = SalahApp;
			};
			name = Release;
		};
/* End XCBuildConfiguration section */

/* Begin XCConfigurationList section */
		EB30A1C82379A29400986004 /* Build configuration list for PBXProject "SalahApp" */ = {
			isa = XCConfigurationList;
			buildConfigurations = (
				EB30A1F42379A29600986004 /* Debug */,
				EB30A1F52379A29600986004 /* Release */,
			);
			defaultConfigurationIsVisible = 0;
			defaultConfigurationName = Release;
		};
		EB30A1F62379A29600986004 /* Build configuration list for PBXNativeTarget "SalahApp" */ = {
			isa = XCConfigurationList;
			buildConfigurations = (
				EB30A1F72379A29600986004 /* Debug */,
				EB30A1F82379A29600986004 /* Release */,
			);
			defaultConfigurationIsVisible = 0;
			defaultConfigurationName = Release;
		};
		EB30A1F92379A29600986004 /* Build configuration list for PBXNativeTarget "SalahAppTests" */ = {
			isa = XCConfigurationList;
			buildConfigurations = (
				EB30A1FA2379A29600986004 /* Debug */,
				EB30A1FB2379A29600986004 /* Release */,
			);
			defaultConfigurationIsVisible = 0;
			defaultConfigurationName = Release;
		};
		EB30A1FC2379A29600986004 /* Build configuration list for PBXNativeTarget "SalahAppUITests" */ = {
			isa = XCConfigurationList;
			buildConfigurations = (
				EB30A1FD2379A29600986004 /* Debug */,
				EB30A1FE2379A29600986004 /* Release */,
			);
			defaultConfigurationIsVisible = 0;
			defaultConfigurationName = Release;
		};
/* End XCConfigurationList section */
	};
	rootObject = EB30A1C52379A29400986004 /* Project object */;
}
